// !$*UTF8*$!
{
	archiveVersion = 1;
	classes = {
	};
	objectVersion = 46;
	objects = {

/* Begin PBXBuildFile section */
		042D64C218E703280057DC0F /* HMUtil.m in Sources */ = {isa = PBXBuildFile; fileRef = 042D64C118E703280057DC0F /* HMUtil.m */; };
		042D64D518E7033C0057DC0F /* NSData+AES256.m in Sources */ = {isa = PBXBuildFile; fileRef = 042D64C618E7033C0057DC0F /* NSData+AES256.m */; };
		042D64D618E7033C0057DC0F /* NSData+Base64.m in Sources */ = {isa = PBXBuildFile; fileRef = 042D64C818E7033C0057DC0F /* NSData+Base64.m */; };
		042D64D718E7033C0057DC0F /* NSObject+Property.m in Sources */ = {isa = PBXBuildFile; fileRef = 042D64CA18E7033C0057DC0F /* NSObject+Property.m */; };
		042D64D818E7033C0057DC0F /* NSString+Base64.m in Sources */ = {isa = PBXBuildFile; fileRef = 042D64CC18E7033C0057DC0F /* NSString+Base64.m */; };
		042D64D918E7033C0057DC0F /* NSString+md5.m in Sources */ = {isa = PBXBuildFile; fileRef = 042D64CE18E7033C0057DC0F /* NSString+md5.m */; };
		042D64DA18E7033C0057DC0F /* UIAlertView+HM.m in Sources */ = {isa = PBXBuildFile; fileRef = 042D64D018E7033C0057DC0F /* UIAlertView+HM.m */; };
		042D64DB18E7033C0057DC0F /* UIButton+HM.m in Sources */ = {isa = PBXBuildFile; fileRef = 042D64D218E7033C0057DC0F /* UIButton+HM.m */; };
		042D64DC18E7033C0057DC0F /* UIImageView+HM.m in Sources */ = {isa = PBXBuildFile; fileRef = 042D64D418E7033C0057DC0F /* UIImageView+HM.m */; };
		042D653718E7036D0057DC0F /* ASIAuthenticationDialog.m in Sources */ = {isa = PBXBuildFile; fileRef = 042D64E018E7036D0057DC0F /* ASIAuthenticationDialog.m */; settings = {COMPILER_FLAGS = "-fno-objc-arc"; }; };
		042D653818E7036D0057DC0F /* ASIDataCompressor.m in Sources */ = {isa = PBXBuildFile; fileRef = 042D64E318E7036D0057DC0F /* ASIDataCompressor.m */; settings = {COMPILER_FLAGS = "-fno-objc-arc"; }; };
		042D653918E7036D0057DC0F /* ASIDataDecompressor.m in Sources */ = {isa = PBXBuildFile; fileRef = 042D64E518E7036D0057DC0F /* ASIDataDecompressor.m */; settings = {COMPILER_FLAGS = "-fno-objc-arc"; }; };
		042D653A18E7036D0057DC0F /* ASIDownloadCache.m in Sources */ = {isa = PBXBuildFile; fileRef = 042D64E718E7036D0057DC0F /* ASIDownloadCache.m */; settings = {COMPILER_FLAGS = "-fno-objc-arc"; }; };
		042D653B18E7036D0057DC0F /* ASIFormDataRequest.m in Sources */ = {isa = PBXBuildFile; fileRef = 042D64E918E7036D0057DC0F /* ASIFormDataRequest.m */; settings = {COMPILER_FLAGS = "-fno-objc-arc"; }; };
		042D653C18E7036D0057DC0F /* ASIHTTPRequest.m in Sources */ = {isa = PBXBuildFile; fileRef = 042D64EB18E7036D0057DC0F /* ASIHTTPRequest.m */; settings = {COMPILER_FLAGS = "-fno-objc-arc"; }; };
		042D653D18E7036D0057DC0F /* ASIInputStream.m in Sources */ = {isa = PBXBuildFile; fileRef = 042D64EF18E7036D0057DC0F /* ASIInputStream.m */; settings = {COMPILER_FLAGS = "-fno-objc-arc"; }; };
		042D653E18E7036D0057DC0F /* ASINetworkQueue.m in Sources */ = {isa = PBXBuildFile; fileRef = 042D64F118E7036D0057DC0F /* ASINetworkQueue.m */; settings = {COMPILER_FLAGS = "-fno-objc-arc"; }; };
		042D653F18E7036D0057DC0F /* ChineseToPinyin.m in Sources */ = {isa = PBXBuildFile; fileRef = 042D64F518E7036D0057DC0F /* ChineseToPinyin.m */; };
		042D654018E7036D0057DC0F /* GTMBase64.m in Sources */ = {isa = PBXBuildFile; fileRef = 042D64F818E7036D0057DC0F /* GTMBase64.m */; };
		042D654118E7036D0057DC0F /* iCarousel.m in Sources */ = {isa = PBXBuildFile; fileRef = 042D64FD18E7036D0057DC0F /* iCarousel.m */; };
		042D654218E7036D0057DC0F /* PullingRefreshTableView.m in Sources */ = {isa = PBXBuildFile; fileRef = 042D650118E7036D0057DC0F /* PullingRefreshTableView.m */; };
		042D654318E7036D0057DC0F /* Reachability.m in Sources */ = {isa = PBXBuildFile; fileRef = 042D650418E7036D0057DC0F /* Reachability.m */; };
		042D654418E7036D0057DC0F /* SDImageCache.m in Sources */ = {isa = PBXBuildFile; fileRef = 042D650818E7036D0057DC0F /* SDImageCache.m */; };
		042D654518E7036D0057DC0F /* NSData+GIF.m in Sources */ = {isa = PBXBuildFile; fileRef = 042D650B18E7036D0057DC0F /* NSData+GIF.m */; };
		042D654618E7036D0057DC0F /* UIButton+WebCache.m in Sources */ = {isa = PBXBuildFile; fileRef = 042D650D18E7036D0057DC0F /* UIButton+WebCache.m */; };
		042D654718E7036D0057DC0F /* UIImage+GIF.m in Sources */ = {isa = PBXBuildFile; fileRef = 042D650F18E7036D0057DC0F /* UIImage+GIF.m */; };
		042D654818E7036D0057DC0F /* UIImage+MultiFormat.m in Sources */ = {isa = PBXBuildFile; fileRef = 042D651118E7036D0057DC0F /* UIImage+MultiFormat.m */; };
		042D654918E7036D0057DC0F /* UIImage+WebP.m in Sources */ = {isa = PBXBuildFile; fileRef = 042D651318E7036D0057DC0F /* UIImage+WebP.m */; };
		042D654A18E7036D0057DC0F /* UIImageView+WebCache.m in Sources */ = {isa = PBXBuildFile; fileRef = 042D651518E7036D0057DC0F /* UIImageView+WebCache.m */; };
		042D654B18E7036D0057DC0F /* SDWebImageDownloader.m in Sources */ = {isa = PBXBuildFile; fileRef = 042D651818E7036D0057DC0F /* SDWebImageDownloader.m */; };
		042D654C18E7036D0057DC0F /* SDWebImageDownloaderOperation.m in Sources */ = {isa = PBXBuildFile; fileRef = 042D651A18E7036D0057DC0F /* SDWebImageDownloaderOperation.m */; };
		042D654D18E7036D0057DC0F /* SDWebImageCompat.m in Sources */ = {isa = PBXBuildFile; fileRef = 042D651C18E7036D0057DC0F /* SDWebImageCompat.m */; };
		042D654E18E7036D0057DC0F /* SDWebImageDecoder.m in Sources */ = {isa = PBXBuildFile; fileRef = 042D652018E7036D0057DC0F /* SDWebImageDecoder.m */; };
		042D654F18E7036D0057DC0F /* SDWebImageManager.m in Sources */ = {isa = PBXBuildFile; fileRef = 042D652218E7036D0057DC0F /* SDWebImageManager.m */; };
		042D655018E7036D0057DC0F /* SDWebImagePrefetcher.m in Sources */ = {isa = PBXBuildFile; fileRef = 042D652418E7036D0057DC0F /* SDWebImagePrefetcher.m */; };
		042D655118E7036D0057DC0F /* SoundManager.m in Sources */ = {isa = PBXBuildFile; fileRef = 042D652818E7036D0057DC0F /* SoundManager.m */; };
		042D655218E7036D0057DC0F /* SVProgressHUD.m in Sources */ = {isa = PBXBuildFile; fileRef = 042D652D18E7036D0057DC0F /* SVProgressHUD.m */; };
		042D655318E7036D0057DC0F /* SVModalWebViewController.m in Sources */ = {isa = PBXBuildFile; fileRef = 042D653018E7036D0057DC0F /* SVModalWebViewController.m */; };
		042D655418E7036D0057DC0F /* SVWebViewController.m in Sources */ = {isa = PBXBuildFile; fileRef = 042D653318E7036D0057DC0F /* SVWebViewController.m */; };
		042D655518E7036D0057DC0F /* TTTAttributedLabel.m in Sources */ = {isa = PBXBuildFile; fileRef = 042D653618E7036D0057DC0F /* TTTAttributedLabel.m */; };
		E2889CD818583425006A5CF1 /* Foundation.framework in Frameworks */ = {isa = PBXBuildFile; fileRef = E2889CD718583425006A5CF1 /* Foundation.framework */; };
		E2889CE618583425006A5CF1 /* XCTest.framework in Frameworks */ = {isa = PBXBuildFile; fileRef = E2889CE518583425006A5CF1 /* XCTest.framework */; };
		E2889CE718583425006A5CF1 /* Foundation.framework in Frameworks */ = {isa = PBXBuildFile; fileRef = E2889CD718583425006A5CF1 /* Foundation.framework */; };
		E2889CEC18583425006A5CF1 /* libHMCommUtil.a in Frameworks */ = {isa = PBXBuildFile; fileRef = E2889CD418583425006A5CF1 /* libHMCommUtil.a */; };
		E2889CF218583425006A5CF1 /* InfoPlist.strings in Resources */ = {isa = PBXBuildFile; fileRef = E2889CF018583425006A5CF1 /* InfoPlist.strings */; };
		E2889CF418583425006A5CF1 /* HMCommUtilTests.m in Sources */ = {isa = PBXBuildFile; fileRef = E2889CF318583425006A5CF1 /* HMCommUtilTests.m */; };
		E2889D8618583509006A5CF1 /* UIKit.framework in Frameworks */ = {isa = PBXBuildFile; fileRef = E2889D8518583509006A5CF1 /* UIKit.framework */; };
/* End PBXBuildFile section */

/* Begin PBXContainerItemProxy section */
		E2889CEA18583425006A5CF1 /* PBXContainerItemProxy */ = {
			isa = PBXContainerItemProxy;
			containerPortal = E2889CCC18583425006A5CF1 /* Project object */;
			proxyType = 1;
			remoteGlobalIDString = E2889CD318583425006A5CF1;
			remoteInfo = HMCommUtil;
		};
/* End PBXContainerItemProxy section */

/* Begin PBXCopyFilesBuildPhase section */
		E2889CD218583425006A5CF1 /* CopyFiles */ = {
			isa = PBXCopyFilesBuildPhase;
			buildActionMask = 2147483647;
			dstPath = "include/$(PRODUCT_NAME)";
			dstSubfolderSpec = 16;
			files = (
			);
			runOnlyForDeploymentPostprocessing = 0;
		};
/* End PBXCopyFilesBuildPhase section */

/* Begin PBXFileReference section */
		042D64BC18E703280057DC0F /* HMCommon.h */ = {isa = PBXFileReference; fileEncoding = 4; lastKnownFileType = sourcecode.c.h; path = HMCommon.h; sourceTree = "<group>"; };
		042D64BD18E703280057DC0F /* HMCommonSystem.h */ = {isa = PBXFileReference; fileEncoding = 4; lastKnownFileType = sourcecode.c.h; path = HMCommonSystem.h; sourceTree = "<group>"; };
		042D64BE18E703280057DC0F /* HMDefines.h */ = {isa = PBXFileReference; fileEncoding = 4; lastKnownFileType = sourcecode.c.h; path = HMDefines.h; sourceTree = "<group>"; };
		042D64BF18E703280057DC0F /* HMPrecompiled.h */ = {isa = PBXFileReference; fileEncoding = 4; lastKnownFileType = sourcecode.c.h; path = HMPrecompiled.h; sourceTree = "<group>"; };
		042D64C018E703280057DC0F /* HMUtil.h */ = {isa = PBXFileReference; fileEncoding = 4; lastKnownFileType = sourcecode.c.h; path = HMUtil.h; sourceTree = "<group>"; };
		042D64C118E703280057DC0F /* HMUtil.m */ = {isa = PBXFileReference; fileEncoding = 4; lastKnownFileType = sourcecode.c.objc; path = HMUtil.m; sourceTree = "<group>"; };
		042D64C418E7033C0057DC0F /* HMExpand.h */ = {isa = PBXFileReference; fileEncoding = 4; lastKnownFileType = sourcecode.c.h; path = HMExpand.h; sourceTree = "<group>"; };
		042D64C518E7033C0057DC0F /* NSData+AES256.h */ = {isa = PBXFileReference; fileEncoding = 4; lastKnownFileType = sourcecode.c.h; path = "NSData+AES256.h"; sourceTree = "<group>"; };
		042D64C618E7033C0057DC0F /* NSData+AES256.m */ = {isa = PBXFileReference; fileEncoding = 4; lastKnownFileType = sourcecode.c.objc; path = "NSData+AES256.m"; sourceTree = "<group>"; };
		042D64C718E7033C0057DC0F /* NSData+Base64.h */ = {isa = PBXFileReference; fileEncoding = 4; lastKnownFileType = sourcecode.c.h; path = "NSData+Base64.h"; sourceTree = "<group>"; };
		042D64C818E7033C0057DC0F /* NSData+Base64.m */ = {isa = PBXFileReference; fileEncoding = 4; lastKnownFileType = sourcecode.c.objc; path = "NSData+Base64.m"; sourceTree = "<group>"; };
		042D64C918E7033C0057DC0F /* NSObject+Property.h */ = {isa = PBXFileReference; fileEncoding = 4; lastKnownFileType = sourcecode.c.h; path = "NSObject+Property.h"; sourceTree = "<group>"; };
		042D64CA18E7033C0057DC0F /* NSObject+Property.m */ = {isa = PBXFileReference; fileEncoding = 4; lastKnownFileType = sourcecode.c.objc; path = "NSObject+Property.m"; sourceTree = "<group>"; };
		042D64CB18E7033C0057DC0F /* NSString+Base64.h */ = {isa = PBXFileReference; fileEncoding = 4; lastKnownFileType = sourcecode.c.h; path = "NSString+Base64.h"; sourceTree = "<group>"; };
		042D64CC18E7033C0057DC0F /* NSString+Base64.m */ = {isa = PBXFileReference; fileEncoding = 4; lastKnownFileType = sourcecode.c.objc; path = "NSString+Base64.m"; sourceTree = "<group>"; };
		042D64CD18E7033C0057DC0F /* NSString+md5.h */ = {isa = PBXFileReference; fileEncoding = 4; lastKnownFileType = sourcecode.c.h; path = "NSString+md5.h"; sourceTree = "<group>"; };
		042D64CE18E7033C0057DC0F /* NSString+md5.m */ = {isa = PBXFileReference; fileEncoding = 4; lastKnownFileType = sourcecode.c.objc; path = "NSString+md5.m"; sourceTree = "<group>"; };
		042D64CF18E7033C0057DC0F /* UIAlertView+HM.h */ = {isa = PBXFileReference; fileEncoding = 4; lastKnownFileType = sourcecode.c.h; path = "UIAlertView+HM.h"; sourceTree = "<group>"; };
		042D64D018E7033C0057DC0F /* UIAlertView+HM.m */ = {isa = PBXFileReference; fileEncoding = 4; lastKnownFileType = sourcecode.c.objc; path = "UIAlertView+HM.m"; sourceTree = "<group>"; };
		042D64D118E7033C0057DC0F /* UIButton+HM.h */ = {isa = PBXFileReference; fileEncoding = 4; lastKnownFileType = sourcecode.c.h; path = "UIButton+HM.h"; sourceTree = "<group>"; };
		042D64D218E7033C0057DC0F /* UIButton+HM.m */ = {isa = PBXFileReference; fileEncoding = 4; lastKnownFileType = sourcecode.c.objc; path = "UIButton+HM.m"; sourceTree = "<group>"; };
		042D64D318E7033C0057DC0F /* UIImageView+HM.h */ = {isa = PBXFileReference; fileEncoding = 4; lastKnownFileType = sourcecode.c.h; path = "UIImageView+HM.h"; sourceTree = "<group>"; };
		042D64D418E7033C0057DC0F /* UIImageView+HM.m */ = {isa = PBXFileReference; fileEncoding = 4; lastKnownFileType = sourcecode.c.objc; path = "UIImageView+HM.m"; sourceTree = "<group>"; };
		042D64DF18E7036D0057DC0F /* ASIAuthenticationDialog.h */ = {isa = PBXFileReference; fileEncoding = 4; lastKnownFileType = sourcecode.c.h; path = ASIAuthenticationDialog.h; sourceTree = "<group>"; };
		042D64E018E7036D0057DC0F /* ASIAuthenticationDialog.m */ = {isa = PBXFileReference; fileEncoding = 4; lastKnownFileType = sourcecode.c.objc; path = ASIAuthenticationDialog.m; sourceTree = "<group>"; };
		042D64E118E7036D0057DC0F /* ASICacheDelegate.h */ = {isa = PBXFileReference; fileEncoding = 4; lastKnownFileType = sourcecode.c.h; path = ASICacheDelegate.h; sourceTree = "<group>"; };
		042D64E218E7036D0057DC0F /* ASIDataCompressor.h */ = {isa = PBXFileReference; fileEncoding = 4; lastKnownFileType = sourcecode.c.h; path = ASIDataCompressor.h; sourceTree = "<group>"; };
		042D64E318E7036D0057DC0F /* ASIDataCompressor.m */ = {isa = PBXFileReference; fileEncoding = 4; lastKnownFileType = sourcecode.c.objc; path = ASIDataCompressor.m; sourceTree = "<group>"; };
		042D64E418E7036D0057DC0F /* ASIDataDecompressor.h */ = {isa = PBXFileReference; fileEncoding = 4; lastKnownFileType = sourcecode.c.h; path = ASIDataDecompressor.h; sourceTree = "<group>"; };
		042D64E518E7036D0057DC0F /* ASIDataDecompressor.m */ = {isa = PBXFileReference; fileEncoding = 4; lastKnownFileType = sourcecode.c.objc; path = ASIDataDecompressor.m; sourceTree = "<group>"; };
		042D64E618E7036D0057DC0F /* ASIDownloadCache.h */ = {isa = PBXFileReference; fileEncoding = 4; lastKnownFileType = sourcecode.c.h; path = ASIDownloadCache.h; sourceTree = "<group>"; };
		042D64E718E7036D0057DC0F /* ASIDownloadCache.m */ = {isa = PBXFileReference; fileEncoding = 4; lastKnownFileType = sourcecode.c.objc; path = ASIDownloadCache.m; sourceTree = "<group>"; };
		042D64E818E7036D0057DC0F /* ASIFormDataRequest.h */ = {isa = PBXFileReference; fileEncoding = 4; lastKnownFileType = sourcecode.c.h; path = ASIFormDataRequest.h; sourceTree = "<group>"; };
		042D64E918E7036D0057DC0F /* ASIFormDataRequest.m */ = {isa = PBXFileReference; fileEncoding = 4; lastKnownFileType = sourcecode.c.objc; path = ASIFormDataRequest.m; sourceTree = "<group>"; };
		042D64EA18E7036D0057DC0F /* ASIHTTPRequest.h */ = {isa = PBXFileReference; fileEncoding = 4; lastKnownFileType = sourcecode.c.h; path = ASIHTTPRequest.h; sourceTree = "<group>"; };
		042D64EB18E7036D0057DC0F /* ASIHTTPRequest.m */ = {isa = PBXFileReference; fileEncoding = 4; lastKnownFileType = sourcecode.c.objc; path = ASIHTTPRequest.m; sourceTree = "<group>"; };
		042D64EC18E7036D0057DC0F /* ASIHTTPRequestConfig.h */ = {isa = PBXFileReference; fileEncoding = 4; lastKnownFileType = sourcecode.c.h; path = ASIHTTPRequestConfig.h; sourceTree = "<group>"; };
		042D64ED18E7036D0057DC0F /* ASIHTTPRequestDelegate.h */ = {isa = PBXFileReference; fileEncoding = 4; lastKnownFileType = sourcecode.c.h; path = ASIHTTPRequestDelegate.h; sourceTree = "<group>"; };
		042D64EE18E7036D0057DC0F /* ASIInputStream.h */ = {isa = PBXFileReference; fileEncoding = 4; lastKnownFileType = sourcecode.c.h; path = ASIInputStream.h; sourceTree = "<group>"; };
		042D64EF18E7036D0057DC0F /* ASIInputStream.m */ = {isa = PBXFileReference; fileEncoding = 4; lastKnownFileType = sourcecode.c.objc; path = ASIInputStream.m; sourceTree = "<group>"; };
		042D64F018E7036D0057DC0F /* ASINetworkQueue.h */ = {isa = PBXFileReference; fileEncoding = 4; lastKnownFileType = sourcecode.c.h; path = ASINetworkQueue.h; sourceTree = "<group>"; };
		042D64F118E7036D0057DC0F /* ASINetworkQueue.m */ = {isa = PBXFileReference; fileEncoding = 4; lastKnownFileType = sourcecode.c.objc; path = ASINetworkQueue.m; sourceTree = "<group>"; };
		042D64F218E7036D0057DC0F /* ASIProgressDelegate.h */ = {isa = PBXFileReference; fileEncoding = 4; lastKnownFileType = sourcecode.c.h; path = ASIProgressDelegate.h; sourceTree = "<group>"; };
		042D64F418E7036D0057DC0F /* ChineseToPinyin.h */ = {isa = PBXFileReference; fileEncoding = 4; lastKnownFileType = sourcecode.c.h; path = ChineseToPinyin.h; sourceTree = "<group>"; };
		042D64F518E7036D0057DC0F /* ChineseToPinyin.m */ = {isa = PBXFileReference; fileEncoding = 4; lastKnownFileType = sourcecode.c.objc; path = ChineseToPinyin.m; sourceTree = "<group>"; };
		042D64F718E7036D0057DC0F /* GTMBase64.h */ = {isa = PBXFileReference; fileEncoding = 4; lastKnownFileType = sourcecode.c.h; path = GTMBase64.h; sourceTree = "<group>"; };
		042D64F818E7036D0057DC0F /* GTMBase64.m */ = {isa = PBXFileReference; fileEncoding = 4; lastKnownFileType = sourcecode.c.objc; path = GTMBase64.m; sourceTree = "<group>"; };
		042D64F918E7036D0057DC0F /* GTMDefines.h */ = {isa = PBXFileReference; fileEncoding = 4; lastKnownFileType = sourcecode.c.h; path = GTMDefines.h; sourceTree = "<group>"; };
		042D64FA18E7036D0057DC0F /* HMExternal.h */ = {isa = PBXFileReference; fileEncoding = 4; lastKnownFileType = sourcecode.c.h; path = HMExternal.h; sourceTree = "<group>"; };
		042D64FC18E7036D0057DC0F /* iCarousel.h */ = {isa = PBXFileReference; fileEncoding = 4; lastKnownFileType = sourcecode.c.h; path = iCarousel.h; sourceTree = "<group>"; };
		042D64FD18E7036D0057DC0F /* iCarousel.m */ = {isa = PBXFileReference; fileEncoding = 4; lastKnownFileType = sourcecode.c.objc; path = iCarousel.m; sourceTree = "<group>"; };
		042D64FF18E7036D0057DC0F /* PullingRefreshTableView.bundle */ = {isa = PBXFileReference; lastKnownFileType = "wrapper.plug-in"; path = PullingRefreshTableView.bundle; sourceTree = "<group>"; };
		042D650018E7036D0057DC0F /* PullingRefreshTableView.h */ = {isa = PBXFileReference; fileEncoding = 4; lastKnownFileType = sourcecode.c.h; path = PullingRefreshTableView.h; sourceTree = "<group>"; };
		042D650118E7036D0057DC0F /* PullingRefreshTableView.m */ = {isa = PBXFileReference; fileEncoding = 4; lastKnownFileType = sourcecode.c.objc; path = PullingRefreshTableView.m; sourceTree = "<group>"; };
		042D650318E7036D0057DC0F /* Reachability.h */ = {isa = PBXFileReference; fileEncoding = 4; lastKnownFileType = sourcecode.c.h; path = Reachability.h; sourceTree = "<group>"; };
		042D650418E7036D0057DC0F /* Reachability.m */ = {isa = PBXFileReference; fileEncoding = 4; lastKnownFileType = sourcecode.c.objc; path = Reachability.m; sourceTree = "<group>"; };
		042D650718E7036D0057DC0F /* SDImageCache.h */ = {isa = PBXFileReference; fileEncoding = 4; lastKnownFileType = sourcecode.c.h; path = SDImageCache.h; sourceTree = "<group>"; };
		042D650818E7036D0057DC0F /* SDImageCache.m */ = {isa = PBXFileReference; fileEncoding = 4; lastKnownFileType = sourcecode.c.objc; path = SDImageCache.m; sourceTree = "<group>"; };
		042D650A18E7036D0057DC0F /* NSData+GIF.h */ = {isa = PBXFileReference; fileEncoding = 4; lastKnownFileType = sourcecode.c.h; path = "NSData+GIF.h"; sourceTree = "<group>"; };
		042D650B18E7036D0057DC0F /* NSData+GIF.m */ = {isa = PBXFileReference; fileEncoding = 4; lastKnownFileType = sourcecode.c.objc; path = "NSData+GIF.m"; sourceTree = "<group>"; };
		042D650C18E7036D0057DC0F /* UIButton+WebCache.h */ = {isa = PBXFileReference; fileEncoding = 4; lastKnownFileType = sourcecode.c.h; path = "UIButton+WebCache.h"; sourceTree = "<group>"; };
		042D650D18E7036D0057DC0F /* UIButton+WebCache.m */ = {isa = PBXFileReference; fileEncoding = 4; lastKnownFileType = sourcecode.c.objc; path = "UIButton+WebCache.m"; sourceTree = "<group>"; };
		042D650E18E7036D0057DC0F /* UIImage+GIF.h */ = {isa = PBXFileReference; fileEncoding = 4; lastKnownFileType = sourcecode.c.h; path = "UIImage+GIF.h"; sourceTree = "<group>"; };
		042D650F18E7036D0057DC0F /* UIImage+GIF.m */ = {isa = PBXFileReference; fileEncoding = 4; lastKnownFileType = sourcecode.c.objc; path = "UIImage+GIF.m"; sourceTree = "<group>"; };
		042D651018E7036D0057DC0F /* UIImage+MultiFormat.h */ = {isa = PBXFileReference; fileEncoding = 4; lastKnownFileType = sourcecode.c.h; path = "UIImage+MultiFormat.h"; sourceTree = "<group>"; };
		042D651118E7036D0057DC0F /* UIImage+MultiFormat.m */ = {isa = PBXFileReference; fileEncoding = 4; lastKnownFileType = sourcecode.c.objc; path = "UIImage+MultiFormat.m"; sourceTree = "<group>"; };
		042D651218E7036D0057DC0F /* UIImage+WebP.h */ = {isa = PBXFileReference; fileEncoding = 4; lastKnownFileType = sourcecode.c.h; path = "UIImage+WebP.h"; sourceTree = "<group>"; };
		042D651318E7036D0057DC0F /* UIImage+WebP.m */ = {isa = PBXFileReference; fileEncoding = 4; lastKnownFileType = sourcecode.c.objc; path = "UIImage+WebP.m"; sourceTree = "<group>"; };
		042D651418E7036D0057DC0F /* UIImageView+WebCache.h */ = {isa = PBXFileReference; fileEncoding = 4; lastKnownFileType = sourcecode.c.h; path = "UIImageView+WebCache.h"; sourceTree = "<group>"; };
		042D651518E7036D0057DC0F /* UIImageView+WebCache.m */ = {isa = PBXFileReference; fileEncoding = 4; lastKnownFileType = sourcecode.c.objc; path = "UIImageView+WebCache.m"; sourceTree = "<group>"; };
		042D651718E7036D0057DC0F /* SDWebImageDownloader.h */ = {isa = PBXFileReference; fileEncoding = 4; lastKnownFileType = sourcecode.c.h; path = SDWebImageDownloader.h; sourceTree = "<group>"; };
		042D651818E7036D0057DC0F /* SDWebImageDownloader.m */ = {isa = PBXFileReference; fileEncoding = 4; lastKnownFileType = sourcecode.c.objc; path = SDWebImageDownloader.m; sourceTree = "<group>"; };
		042D651918E7036D0057DC0F /* SDWebImageDownloaderOperation.h */ = {isa = PBXFileReference; fileEncoding = 4; lastKnownFileType = sourcecode.c.h; path = SDWebImageDownloaderOperation.h; sourceTree = "<group>"; };
		042D651A18E7036D0057DC0F /* SDWebImageDownloaderOperation.m */ = {isa = PBXFileReference; fileEncoding = 4; lastKnownFileType = sourcecode.c.objc; path = SDWebImageDownloaderOperation.m; sourceTree = "<group>"; };
		042D651B18E7036D0057DC0F /* SDWebImageCompat.h */ = {isa = PBXFileReference; fileEncoding = 4; lastKnownFileType = sourcecode.c.h; path = SDWebImageCompat.h; sourceTree = "<group>"; };
		042D651C18E7036D0057DC0F /* SDWebImageCompat.m */ = {isa = PBXFileReference; fileEncoding = 4; lastKnownFileType = sourcecode.c.objc; path = SDWebImageCompat.m; sourceTree = "<group>"; };
		042D651D18E7036D0057DC0F /* SDWebImageOperation.h */ = {isa = PBXFileReference; fileEncoding = 4; lastKnownFileType = sourcecode.c.h; path = SDWebImageOperation.h; sourceTree = "<group>"; };
		042D651F18E7036D0057DC0F /* SDWebImageDecoder.h */ = {isa = PBXFileReference; fileEncoding = 4; lastKnownFileType = sourcecode.c.h; path = SDWebImageDecoder.h; sourceTree = "<group>"; };
		042D652018E7036D0057DC0F /* SDWebImageDecoder.m */ = {isa = PBXFileReference; fileEncoding = 4; lastKnownFileType = sourcecode.c.objc; path = SDWebImageDecoder.m; sourceTree = "<group>"; };
		042D652118E7036D0057DC0F /* SDWebImageManager.h */ = {isa = PBXFileReference; fileEncoding = 4; lastKnownFileType = sourcecode.c.h; path = SDWebImageManager.h; sourceTree = "<group>"; };
		042D652218E7036D0057DC0F /* SDWebImageManager.m */ = {isa = PBXFileReference; fileEncoding = 4; lastKnownFileType = sourcecode.c.objc; path = SDWebImageManager.m; sourceTree = "<group>"; };
		042D652318E7036D0057DC0F /* SDWebImagePrefetcher.h */ = {isa = PBXFileReference; fileEncoding = 4; lastKnownFileType = sourcecode.c.h; path = SDWebImagePrefetcher.h; sourceTree = "<group>"; };
		042D652418E7036D0057DC0F /* SDWebImagePrefetcher.m */ = {isa = PBXFileReference; fileEncoding = 4; lastKnownFileType = sourcecode.c.objc; path = SDWebImagePrefetcher.m; sourceTree = "<group>"; };
		042D652618E7036D0057DC0F /* SoundManager.bundle */ = {isa = PBXFileReference; lastKnownFileType = "wrapper.plug-in"; path = SoundManager.bundle; sourceTree = "<group>"; };
		042D652718E7036D0057DC0F /* SoundManager.h */ = {isa = PBXFileReference; fileEncoding = 4; lastKnownFileType = sourcecode.c.h; path = SoundManager.h; sourceTree = "<group>"; };
		042D652818E7036D0057DC0F /* SoundManager.m */ = {isa = PBXFileReference; fileEncoding = 4; lastKnownFileType = sourcecode.c.objc; path = SoundManager.m; sourceTree = "<group>"; };
		042D652A18E7036D0057DC0F /* SVProgressHUD-Prefix.pch */ = {isa = PBXFileReference; fileEncoding = 4; lastKnownFileType = sourcecode.c.h; path = "SVProgressHUD-Prefix.pch"; sourceTree = "<group>"; };
		042D652B18E7036D0057DC0F /* SVProgressHUD.bundle */ = {isa = PBXFileReference; lastKnownFileType = "wrapper.plug-in"; path = SVProgressHUD.bundle; sourceTree = "<group>"; };
		042D652C18E7036D0057DC0F /* SVProgressHUD.h */ = {isa = PBXFileReference; fileEncoding = 4; lastKnownFileType = sourcecode.c.h; path = SVProgressHUD.h; sourceTree = "<group>"; };
		042D652D18E7036D0057DC0F /* SVProgressHUD.m */ = {isa = PBXFileReference; fileEncoding = 4; lastKnownFileType = sourcecode.c.objc; path = SVProgressHUD.m; sourceTree = "<group>"; };
		042D652F18E7036D0057DC0F /* SVModalWebViewController.h */ = {isa = PBXFileReference; fileEncoding = 4; lastKnownFileType = sourcecode.c.h; path = SVModalWebViewController.h; sourceTree = "<group>"; };
		042D653018E7036D0057DC0F /* SVModalWebViewController.m */ = {isa = PBXFileReference; fileEncoding = 4; lastKnownFileType = sourcecode.c.objc; path = SVModalWebViewController.m; sourceTree = "<group>"; };
		042D653118E7036D0057DC0F /* SVWebViewController.bundle */ = {isa = PBXFileReference; lastKnownFileType = "wrapper.plug-in"; path = SVWebViewController.bundle; sourceTree = "<group>"; };
		042D653218E7036D0057DC0F /* SVWebViewController.h */ = {isa = PBXFileReference; fileEncoding = 4; lastKnownFileType = sourcecode.c.h; path = SVWebViewController.h; sourceTree = "<group>"; };
		042D653318E7036D0057DC0F /* SVWebViewController.m */ = {isa = PBXFileReference; fileEncoding = 4; lastKnownFileType = sourcecode.c.objc; path = SVWebViewController.m; sourceTree = "<group>"; };
		042D653518E7036D0057DC0F /* TTTAttributedLabel.h */ = {isa = PBXFileReference; fileEncoding = 4; lastKnownFileType = sourcecode.c.h; path = TTTAttributedLabel.h; sourceTree = "<group>"; };
		042D653618E7036D0057DC0F /* TTTAttributedLabel.m */ = {isa = PBXFileReference; fileEncoding = 4; lastKnownFileType = sourcecode.c.objc; path = TTTAttributedLabel.m; sourceTree = "<group>"; };
		E2889CD418583425006A5CF1 /* libHMCommUtil.a */ = {isa = PBXFileReference; explicitFileType = archive.ar; includeInIndex = 0; path = libHMCommUtil.a; sourceTree = BUILT_PRODUCTS_DIR; };
		E2889CD718583425006A5CF1 /* Foundation.framework */ = {isa = PBXFileReference; lastKnownFileType = wrapper.framework; name = Foundation.framework; path = System/Library/Frameworks/Foundation.framework; sourceTree = SDKROOT; };
		E2889CDB18583425006A5CF1 /* HMCommUtil-Prefix.pch */ = {isa = PBXFileReference; lastKnownFileType = sourcecode.c.h; path = "HMCommUtil-Prefix.pch"; sourceTree = "<group>"; };
		E2889CE418583425006A5CF1 /* HMCommUtilTests.xctest */ = {isa = PBXFileReference; explicitFileType = wrapper.cfbundle; includeInIndex = 0; path = HMCommUtilTests.xctest; sourceTree = BUILT_PRODUCTS_DIR; };
		E2889CE518583425006A5CF1 /* XCTest.framework */ = {isa = PBXFileReference; lastKnownFileType = wrapper.framework; name = XCTest.framework; path = Library/Frameworks/XCTest.framework; sourceTree = DEVELOPER_DIR; };
		E2889CEF18583425006A5CF1 /* HMCommUtilTests-Info.plist */ = {isa = PBXFileReference; lastKnownFileType = text.plist.xml; path = "HMCommUtilTests-Info.plist"; sourceTree = "<group>"; };
		E2889CF118583425006A5CF1 /* en */ = {isa = PBXFileReference; lastKnownFileType = text.plist.strings; name = en; path = en.lproj/InfoPlist.strings; sourceTree = "<group>"; };
		E2889CF318583425006A5CF1 /* HMCommUtilTests.m */ = {isa = PBXFileReference; lastKnownFileType = sourcecode.c.objc; path = HMCommUtilTests.m; sourceTree = "<group>"; };
		E2889D8518583509006A5CF1 /* UIKit.framework */ = {isa = PBXFileReference; lastKnownFileType = wrapper.framework; name = UIKit.framework; path = System/Library/Frameworks/UIKit.framework; sourceTree = SDKROOT; };
/* End PBXFileReference section */

/* Begin PBXFrameworksBuildPhase section */
		E2889CD118583425006A5CF1 /* Frameworks */ = {
			isa = PBXFrameworksBuildPhase;
			buildActionMask = 2147483647;
			files = (
				E2889D8618583509006A5CF1 /* UIKit.framework in Frameworks */,
				E2889CD818583425006A5CF1 /* Foundation.framework in Frameworks */,
			);
			runOnlyForDeploymentPostprocessing = 0;
		};
		E2889CE118583425006A5CF1 /* Frameworks */ = {
			isa = PBXFrameworksBuildPhase;
			buildActionMask = 2147483647;
			files = (
				E2889CEC18583425006A5CF1 /* libHMCommUtil.a in Frameworks */,
				E2889CE618583425006A5CF1 /* XCTest.framework in Frameworks */,
				E2889CE718583425006A5CF1 /* Foundation.framework in Frameworks */,
			);
			runOnlyForDeploymentPostprocessing = 0;
		};
/* End PBXFrameworksBuildPhase section */

/* Begin PBXGroup section */
		042D64C318E7033C0057DC0F /* HMExpand */ = {
			isa = PBXGroup;
			children = (
				042D64C418E7033C0057DC0F /* HMExpand.h */,
				042D64C518E7033C0057DC0F /* NSData+AES256.h */,
				042D64C618E7033C0057DC0F /* NSData+AES256.m */,
				042D64C718E7033C0057DC0F /* NSData+Base64.h */,
				042D64C818E7033C0057DC0F /* NSData+Base64.m */,
				042D64C918E7033C0057DC0F /* NSObject+Property.h */,
				042D64CA18E7033C0057DC0F /* NSObject+Property.m */,
				042D64CB18E7033C0057DC0F /* NSString+Base64.h */,
				042D64CC18E7033C0057DC0F /* NSString+Base64.m */,
				042D64CD18E7033C0057DC0F /* NSString+md5.h */,
				042D64CE18E7033C0057DC0F /* NSString+md5.m */,
				042D64CF18E7033C0057DC0F /* UIAlertView+HM.h */,
				042D64D018E7033C0057DC0F /* UIAlertView+HM.m */,
				042D64D118E7033C0057DC0F /* UIButton+HM.h */,
				042D64D218E7033C0057DC0F /* UIButton+HM.m */,
				042D64D318E7033C0057DC0F /* UIImageView+HM.h */,
				042D64D418E7033C0057DC0F /* UIImageView+HM.m */,
			);
			path = HMExpand;
			sourceTree = "<group>";
		};
		042D64DD18E7036D0057DC0F /* HMExternal */ = {
			isa = PBXGroup;
			children = (
				042D64DE18E7036D0057DC0F /* ASIHttpRequest */,
				042D64F318E7036D0057DC0F /* ChineseToPinyin */,
				042D64F618E7036D0057DC0F /* GTMBase64 */,
				042D64FA18E7036D0057DC0F /* HMExternal.h */,
				042D64FB18E7036D0057DC0F /* iCarousel */,
				042D64FE18E7036D0057DC0F /* PullingRefreshTableView */,
				042D650218E7036D0057DC0F /* Reachability */,
				042D650518E7036D0057DC0F /* SDWebImage */,
				042D652518E7036D0057DC0F /* SoundManager */,
				042D652918E7036D0057DC0F /* SVProgressHUD */,
				042D652E18E7036D0057DC0F /* SVWebViewController */,
				042D653418E7036D0057DC0F /* TTTAttributedLabel */,
			);
			path = HMExternal;
			sourceTree = "<group>";
		};
		042D64DE18E7036D0057DC0F /* ASIHttpRequest */ = {
			isa = PBXGroup;
			children = (
				042D64DF18E7036D0057DC0F /* ASIAuthenticationDialog.h */,
				042D64E018E7036D0057DC0F /* ASIAuthenticationDialog.m */,
				042D64E118E7036D0057DC0F /* ASICacheDelegate.h */,
				042D64E218E7036D0057DC0F /* ASIDataCompressor.h */,
				042D64E318E7036D0057DC0F /* ASIDataCompressor.m */,
				042D64E418E7036D0057DC0F /* ASIDataDecompressor.h */,
				042D64E518E7036D0057DC0F /* ASIDataDecompressor.m */,
				042D64E618E7036D0057DC0F /* ASIDownloadCache.h */,
				042D64E718E7036D0057DC0F /* ASIDownloadCache.m */,
				042D64E818E7036D0057DC0F /* ASIFormDataRequest.h */,
				042D64E918E7036D0057DC0F /* ASIFormDataRequest.m */,
				042D64EA18E7036D0057DC0F /* ASIHTTPRequest.h */,
				042D64EB18E7036D0057DC0F /* ASIHTTPRequest.m */,
				042D64EC18E7036D0057DC0F /* ASIHTTPRequestConfig.h */,
				042D64ED18E7036D0057DC0F /* ASIHTTPRequestDelegate.h */,
				042D64EE18E7036D0057DC0F /* ASIInputStream.h */,
				042D64EF18E7036D0057DC0F /* ASIInputStream.m */,
				042D64F018E7036D0057DC0F /* ASINetworkQueue.h */,
				042D64F118E7036D0057DC0F /* ASINetworkQueue.m */,
				042D64F218E7036D0057DC0F /* ASIProgressDelegate.h */,
			);
			path = ASIHttpRequest;
			sourceTree = "<group>";
		};
		042D64F318E7036D0057DC0F /* ChineseToPinyin */ = {
			isa = PBXGroup;
			children = (
				042D64F418E7036D0057DC0F /* ChineseToPinyin.h */,
				042D64F518E7036D0057DC0F /* ChineseToPinyin.m */,
			);
			path = ChineseToPinyin;
			sourceTree = "<group>";
		};
		042D64F618E7036D0057DC0F /* GTMBase64 */ = {
			isa = PBXGroup;
			children = (
				042D64F718E7036D0057DC0F /* GTMBase64.h */,
				042D64F818E7036D0057DC0F /* GTMBase64.m */,
				042D64F918E7036D0057DC0F /* GTMDefines.h */,
			);
			path = GTMBase64;
			sourceTree = "<group>";
		};
		042D64FB18E7036D0057DC0F /* iCarousel */ = {
			isa = PBXGroup;
			children = (
				042D64FC18E7036D0057DC0F /* iCarousel.h */,
				042D64FD18E7036D0057DC0F /* iCarousel.m */,
			);
			path = iCarousel;
			sourceTree = "<group>";
		};
		042D64FE18E7036D0057DC0F /* PullingRefreshTableView */ = {
			isa = PBXGroup;
			children = (
				042D64FF18E7036D0057DC0F /* PullingRefreshTableView.bundle */,
				042D650018E7036D0057DC0F /* PullingRefreshTableView.h */,
				042D650118E7036D0057DC0F /* PullingRefreshTableView.m */,
			);
			path = PullingRefreshTableView;
			sourceTree = "<group>";
		};
		042D650218E7036D0057DC0F /* Reachability */ = {
			isa = PBXGroup;
			children = (
				042D650318E7036D0057DC0F /* Reachability.h */,
				042D650418E7036D0057DC0F /* Reachability.m */,
			);
			path = Reachability;
			sourceTree = "<group>";
		};
		042D650518E7036D0057DC0F /* SDWebImage */ = {
			isa = PBXGroup;
			children = (
				042D650618E7036D0057DC0F /* Cache */,
				042D650918E7036D0057DC0F /* Categories */,
				042D651618E7036D0057DC0F /* Downloader */,
				042D651B18E7036D0057DC0F /* SDWebImageCompat.h */,
				042D651C18E7036D0057DC0F /* SDWebImageCompat.m */,
				042D651D18E7036D0057DC0F /* SDWebImageOperation.h */,
				042D651E18E7036D0057DC0F /* Utils */,
			);
			path = SDWebImage;
			sourceTree = "<group>";
		};
		042D650618E7036D0057DC0F /* Cache */ = {
			isa = PBXGroup;
			children = (
				042D650718E7036D0057DC0F /* SDImageCache.h */,
				042D650818E7036D0057DC0F /* SDImageCache.m */,
			);
			path = Cache;
			sourceTree = "<group>";
		};
		042D650918E7036D0057DC0F /* Categories */ = {
			isa = PBXGroup;
			children = (
				042D650A18E7036D0057DC0F /* NSData+GIF.h */,
				042D650B18E7036D0057DC0F /* NSData+GIF.m */,
				042D650C18E7036D0057DC0F /* UIButton+WebCache.h */,
				042D650D18E7036D0057DC0F /* UIButton+WebCache.m */,
				042D650E18E7036D0057DC0F /* UIImage+GIF.h */,
				042D650F18E7036D0057DC0F /* UIImage+GIF.m */,
				042D651018E7036D0057DC0F /* UIImage+MultiFormat.h */,
				042D651118E7036D0057DC0F /* UIImage+MultiFormat.m */,
				042D651218E7036D0057DC0F /* UIImage+WebP.h */,
				042D651318E7036D0057DC0F /* UIImage+WebP.m */,
				042D651418E7036D0057DC0F /* UIImageView+WebCache.h */,
				042D651518E7036D0057DC0F /* UIImageView+WebCache.m */,
			);
			path = Categories;
			sourceTree = "<group>";
		};
		042D651618E7036D0057DC0F /* Downloader */ = {
			isa = PBXGroup;
			children = (
				042D651718E7036D0057DC0F /* SDWebImageDownloader.h */,
				042D651818E7036D0057DC0F /* SDWebImageDownloader.m */,
				042D651918E7036D0057DC0F /* SDWebImageDownloaderOperation.h */,
				042D651A18E7036D0057DC0F /* SDWebImageDownloaderOperation.m */,
			);
			path = Downloader;
			sourceTree = "<group>";
		};
		042D651E18E7036D0057DC0F /* Utils */ = {
			isa = PBXGroup;
			children = (
				042D651F18E7036D0057DC0F /* SDWebImageDecoder.h */,
				042D652018E7036D0057DC0F /* SDWebImageDecoder.m */,
				042D652118E7036D0057DC0F /* SDWebImageManager.h */,
				042D652218E7036D0057DC0F /* SDWebImageManager.m */,
				042D652318E7036D0057DC0F /* SDWebImagePrefetcher.h */,
				042D652418E7036D0057DC0F /* SDWebImagePrefetcher.m */,
			);
			path = Utils;
			sourceTree = "<group>";
		};
		042D652518E7036D0057DC0F /* SoundManager */ = {
			isa = PBXGroup;
			children = (
				042D652618E7036D0057DC0F /* SoundManager.bundle */,
				042D652718E7036D0057DC0F /* SoundManager.h */,
				042D652818E7036D0057DC0F /* SoundManager.m */,
			);
			path = SoundManager;
			sourceTree = "<group>";
		};
		042D652918E7036D0057DC0F /* SVProgressHUD */ = {
			isa = PBXGroup;
			children = (
				042D652A18E7036D0057DC0F /* SVProgressHUD-Prefix.pch */,
				042D652B18E7036D0057DC0F /* SVProgressHUD.bundle */,
				042D652C18E7036D0057DC0F /* SVProgressHUD.h */,
				042D652D18E7036D0057DC0F /* SVProgressHUD.m */,
			);
			path = SVProgressHUD;
			sourceTree = "<group>";
		};
		042D652E18E7036D0057DC0F /* SVWebViewController */ = {
			isa = PBXGroup;
			children = (
				042D652F18E7036D0057DC0F /* SVModalWebViewController.h */,
				042D653018E7036D0057DC0F /* SVModalWebViewController.m */,
				042D653118E7036D0057DC0F /* SVWebViewController.bundle */,
				042D653218E7036D0057DC0F /* SVWebViewController.h */,
				042D653318E7036D0057DC0F /* SVWebViewController.m */,
			);
			path = SVWebViewController;
			sourceTree = "<group>";
		};
		042D653418E7036D0057DC0F /* TTTAttributedLabel */ = {
			isa = PBXGroup;
			children = (
				042D653518E7036D0057DC0F /* TTTAttributedLabel.h */,
				042D653618E7036D0057DC0F /* TTTAttributedLabel.m */,
			);
			path = TTTAttributedLabel;
			sourceTree = "<group>";
		};
		E2889CCB18583425006A5CF1 = {
			isa = PBXGroup;
			children = (
				E2889CD918583425006A5CF1 /* HMCommUtil */,
				E2889CED18583425006A5CF1 /* HMCommUtilTests */,
				E2889CD618583425006A5CF1 /* Frameworks */,
				E2889CD518583425006A5CF1 /* Products */,
			);
			sourceTree = "<group>";
		};
		E2889CD518583425006A5CF1 /* Products */ = {
			isa = PBXGroup;
			children = (
				E2889CD418583425006A5CF1 /* libHMCommUtil.a */,
				E2889CE418583425006A5CF1 /* HMCommUtilTests.xctest */,
			);
			name = Products;
			sourceTree = "<group>";
		};
		E2889CD618583425006A5CF1 /* Frameworks */ = {
			isa = PBXGroup;
			children = (
				E2889D8518583509006A5CF1 /* UIKit.framework */,
				E2889CD718583425006A5CF1 /* Foundation.framework */,
				E2889CE518583425006A5CF1 /* XCTest.framework */,
			);
			name = Frameworks;
			sourceTree = "<group>";
		};
		E2889CD918583425006A5CF1 /* HMCommUtil */ = {
			isa = PBXGroup;
			children = (
				042D64DD18E7036D0057DC0F /* HMExternal */,
				042D64C318E7033C0057DC0F /* HMExpand */,
				042D64BC18E703280057DC0F /* HMCommon.h */,
				042D64BD18E703280057DC0F /* HMCommonSystem.h */,
				042D64BE18E703280057DC0F /* HMDefines.h */,
				042D64BF18E703280057DC0F /* HMPrecompiled.h */,
				042D64C018E703280057DC0F /* HMUtil.h */,
				042D64C118E703280057DC0F /* HMUtil.m */,
				E2889CDA18583425006A5CF1 /* Supporting Files */,
			);
			path = HMCommUtil;
			sourceTree = "<group>";
		};
		E2889CDA18583425006A5CF1 /* Supporting Files */ = {
			isa = PBXGroup;
			children = (
				E2889CDB18583425006A5CF1 /* HMCommUtil-Prefix.pch */,
			);
			name = "Supporting Files";
			sourceTree = "<group>";
		};
		E2889CED18583425006A5CF1 /* HMCommUtilTests */ = {
			isa = PBXGroup;
			children = (
				E2889CF318583425006A5CF1 /* HMCommUtilTests.m */,
				E2889CEE18583425006A5CF1 /* Supporting Files */,
			);
			path = HMCommUtilTests;
			sourceTree = "<group>";
		};
		E2889CEE18583425006A5CF1 /* Supporting Files */ = {
			isa = PBXGroup;
			children = (
				E2889CEF18583425006A5CF1 /* HMCommUtilTests-Info.plist */,
				E2889CF018583425006A5CF1 /* InfoPlist.strings */,
			);
			name = "Supporting Files";
			sourceTree = "<group>";
		};
/* End PBXGroup section */

/* Begin PBXNativeTarget section */
		E2889CD318583425006A5CF1 /* HMCommUtil */ = {
			isa = PBXNativeTarget;
			buildConfigurationList = E2889CF718583425006A5CF1 /* Build configuration list for PBXNativeTarget "HMCommUtil" */;
			buildPhases = (
				E2889CD018583425006A5CF1 /* Sources */,
				E2889CD118583425006A5CF1 /* Frameworks */,
				E2889CD218583425006A5CF1 /* CopyFiles */,
			);
			buildRules = (
			);
			dependencies = (
			);
			name = HMCommUtil;
			productName = HMCommUtil;
			productReference = E2889CD418583425006A5CF1 /* libHMCommUtil.a */;
			productType = "com.apple.product-type.library.static";
		};
		E2889CE318583425006A5CF1 /* HMCommUtilTests */ = {
			isa = PBXNativeTarget;
			buildConfigurationList = E2889CFA18583425006A5CF1 /* Build configuration list for PBXNativeTarget "HMCommUtilTests" */;
			buildPhases = (
				E2889CE018583425006A5CF1 /* Sources */,
				E2889CE118583425006A5CF1 /* Frameworks */,
				E2889CE218583425006A5CF1 /* Resources */,
			);
			buildRules = (
			);
			dependencies = (
				E2889CEB18583425006A5CF1 /* PBXTargetDependency */,
			);
			name = HMCommUtilTests;
			productName = HMCommUtilTests;
			productReference = E2889CE418583425006A5CF1 /* HMCommUtilTests.xctest */;
			productType = "com.apple.product-type.bundle.unit-test";
		};
/* End PBXNativeTarget section */

/* Begin PBXProject section */
		E2889CCC18583425006A5CF1 /* Project object */ = {
			isa = PBXProject;
			attributes = {
				LastUpgradeCheck = 0510;
				ORGANIZATIONNAME = iyun;
			};
			buildConfigurationList = E2889CCF18583425006A5CF1 /* Build configuration list for PBXProject "HMCommUtil" */;
			compatibilityVersion = "Xcode 3.2";
			developmentRegion = English;
			hasScannedForEncodings = 0;
			knownRegions = (
				en,
			);
			mainGroup = E2889CCB18583425006A5CF1;
			productRefGroup = E2889CD518583425006A5CF1 /* Products */;
			projectDirPath = "";
			projectRoot = "";
			targets = (
				E2889CD318583425006A5CF1 /* HMCommUtil */,
				E2889CE318583425006A5CF1 /* HMCommUtilTests */,
			);
		};
/* End PBXProject section */

/* Begin PBXResourcesBuildPhase section */
		E2889CE218583425006A5CF1 /* Resources */ = {
			isa = PBXResourcesBuildPhase;
			buildActionMask = 2147483647;
			files = (
				E2889CF218583425006A5CF1 /* InfoPlist.strings in Resources */,
			);
			runOnlyForDeploymentPostprocessing = 0;
		};
/* End PBXResourcesBuildPhase section */

/* Begin PBXSourcesBuildPhase section */
		E2889CD018583425006A5CF1 /* Sources */ = {
			isa = PBXSourcesBuildPhase;
			buildActionMask = 2147483647;
			files = (
				042D654718E7036D0057DC0F /* UIImage+GIF.m in Sources */,
				042D655018E7036D0057DC0F /* SDWebImagePrefetcher.m in Sources */,
				042D64D818E7033C0057DC0F /* NSString+Base64.m in Sources */,
				042D654118E7036D0057DC0F /* iCarousel.m in Sources */,
				042D654F18E7036D0057DC0F /* SDWebImageManager.m in Sources */,
				042D654418E7036D0057DC0F /* SDImageCache.m in Sources */,
				042D654B18E7036D0057DC0F /* SDWebImageDownloader.m in Sources */,
				042D654018E7036D0057DC0F /* GTMBase64.m in Sources */,
				042D64DC18E7033C0057DC0F /* UIImageView+HM.m in Sources */,
				042D653C18E7036D0057DC0F /* ASIHTTPRequest.m in Sources */,
				042D655418E7036D0057DC0F /* SVWebViewController.m in Sources */,
				042D654818E7036D0057DC0F /* UIImage+MultiFormat.m in Sources */,
				042D654D18E7036D0057DC0F /* SDWebImageCompat.m in Sources */,
				042D653F18E7036D0057DC0F /* ChineseToPinyin.m in Sources */,
				042D64DA18E7033C0057DC0F /* UIAlertView+HM.m in Sources */,
				042D653D18E7036D0057DC0F /* ASIInputStream.m in Sources */,
				042D654918E7036D0057DC0F /* UIImage+WebP.m in Sources */,
				042D64C218E703280057DC0F /* HMUtil.m in Sources */,
				042D654C18E7036D0057DC0F /* SDWebImageDownloaderOperation.m in Sources */,
				042D655518E7036D0057DC0F /* TTTAttributedLabel.m in Sources */,
				042D655318E7036D0057DC0F /* SVModalWebViewController.m in Sources */,
				042D654E18E7036D0057DC0F /* SDWebImageDecoder.m in Sources */,
				042D64D618E7033C0057DC0F /* NSData+Base64.m in Sources */,
				042D654218E7036D0057DC0F /* PullingRefreshTableView.m in Sources */,
				042D653918E7036D0057DC0F /* ASIDataDecompressor.m in Sources */,
				042D64D718E7033C0057DC0F /* NSObject+Property.m in Sources */,
				042D653B18E7036D0057DC0F /* ASIFormDataRequest.m in Sources */,
				042D654318E7036D0057DC0F /* Reachability.m in Sources */,
				042D64D518E7033C0057DC0F /* NSData+AES256.m in Sources */,
				042D655218E7036D0057DC0F /* SVProgressHUD.m in Sources */,
				042D654618E7036D0057DC0F /* UIButton+WebCache.m in Sources */,
				042D653718E7036D0057DC0F /* ASIAuthenticationDialog.m in Sources */,
				042D653818E7036D0057DC0F /* ASIDataCompressor.m in Sources */,
				042D654518E7036D0057DC0F /* NSData+GIF.m in Sources */,
				042D64DB18E7033C0057DC0F /* UIButton+HM.m in Sources */,
				042D653A18E7036D0057DC0F /* ASIDownloadCache.m in Sources */,
				042D654A18E7036D0057DC0F /* UIImageView+WebCache.m in Sources */,
				042D655118E7036D0057DC0F /* SoundManager.m in Sources */,
				042D653E18E7036D0057DC0F /* ASINetworkQueue.m in Sources */,
				042D64D918E7033C0057DC0F /* NSString+md5.m in Sources */,
			);
			runOnlyForDeploymentPostprocessing = 0;
		};
		E2889CE018583425006A5CF1 /* Sources */ = {
			isa = PBXSourcesBuildPhase;
			buildActionMask = 2147483647;
			files = (
				E2889CF418583425006A5CF1 /* HMCommUtilTests.m in Sources */,
			);
			runOnlyForDeploymentPostprocessing = 0;
		};
/* End PBXSourcesBuildPhase section */

/* Begin PBXTargetDependency section */
		E2889CEB18583425006A5CF1 /* PBXTargetDependency */ = {
			isa = PBXTargetDependency;
			target = E2889CD318583425006A5CF1 /* HMCommUtil */;
			targetProxy = E2889CEA18583425006A5CF1 /* PBXContainerItemProxy */;
		};
/* End PBXTargetDependency section */

/* Begin PBXVariantGroup section */
		E2889CF018583425006A5CF1 /* InfoPlist.strings */ = {
			isa = PBXVariantGroup;
			children = (
				E2889CF118583425006A5CF1 /* en */,
			);
			name = InfoPlist.strings;
			sourceTree = "<group>";
		};
/* End PBXVariantGroup section */

/* Begin XCBuildConfiguration section */
		E2889CF518583425006A5CF1 /* Debug */ = {
			isa = XCBuildConfiguration;
			buildSettings = {
				ALWAYS_SEARCH_USER_PATHS = NO;
				CLANG_CXX_LANGUAGE_STANDARD = "gnu++0x";
				CLANG_CXX_LIBRARY = "libc++";
				CLANG_ENABLE_MODULES = YES;
				CLANG_ENABLE_OBJC_ARC = YES;
				CLANG_WARN_BOOL_CONVERSION = YES;
				CLANG_WARN_CONSTANT_CONVERSION = YES;
				CLANG_WARN_DIRECT_OBJC_ISA_USAGE = YES_ERROR;
				CLANG_WARN_EMPTY_BODY = YES;
				CLANG_WARN_ENUM_CONVERSION = YES;
				CLANG_WARN_INT_CONVERSION = YES;
				CLANG_WARN_OBJC_ROOT_CLASS = YES_ERROR;
				CLANG_WARN__DUPLICATE_METHOD_MATCH = YES;
				COPY_PHASE_STRIP = NO;
				GCC_C_LANGUAGE_STANDARD = gnu99;
				GCC_DYNAMIC_NO_PIC = NO;
				GCC_OPTIMIZATION_LEVEL = 0;
				GCC_PREPROCESSOR_DEFINITIONS = (
					"DEBUG=1",
					"$(inherited)",
				);
				GCC_SYMBOLS_PRIVATE_EXTERN = NO;
				GCC_WARN_64_TO_32_BIT_CONVERSION = YES;
				GCC_WARN_ABOUT_RETURN_TYPE = YES_ERROR;
				GCC_WARN_UNDECLARED_SELECTOR = YES;
				GCC_WARN_UNINITIALIZED_AUTOS = YES;
				GCC_WARN_UNUSED_FUNCTION = YES;
				GCC_WARN_UNUSED_VARIABLE = YES;
				IPHONEOS_DEPLOYMENT_TARGET = 5.0;
				ONLY_ACTIVE_ARCH = YES;
				SDKROOT = iphoneos;
			};
			name = Debug;
		};
		E2889CF618583425006A5CF1 /* Release */ = {
			isa = XCBuildConfiguration;
			buildSettings = {
				ALWAYS_SEARCH_USER_PATHS = NO;
				CLANG_CXX_LANGUAGE_STANDARD = "gnu++0x";
				CLANG_CXX_LIBRARY = "libc++";
				CLANG_ENABLE_MODULES = YES;
				CLANG_ENABLE_OBJC_ARC = YES;
				CLANG_WARN_BOOL_CONVERSION = YES;
				CLANG_WARN_CONSTANT_CONVERSION = YES;
				CLANG_WARN_DIRECT_OBJC_ISA_USAGE = YES_ERROR;
				CLANG_WARN_EMPTY_BODY = YES;
				CLANG_WARN_ENUM_CONVERSION = YES;
				CLANG_WARN_INT_CONVERSION = YES;
				CLANG_WARN_OBJC_ROOT_CLASS = YES_ERROR;
				CLANG_WARN__DUPLICATE_METHOD_MATCH = YES;
				COPY_PHASE_STRIP = YES;
				ENABLE_NS_ASSERTIONS = NO;
				GCC_C_LANGUAGE_STANDARD = gnu99;
				GCC_WARN_64_TO_32_BIT_CONVERSION = YES;
				GCC_WARN_ABOUT_RETURN_TYPE = YES_ERROR;
				GCC_WARN_UNDECLARED_SELECTOR = YES;
				GCC_WARN_UNINITIALIZED_AUTOS = YES;
				GCC_WARN_UNUSED_FUNCTION = YES;
				GCC_WARN_UNUSED_VARIABLE = YES;
				IPHONEOS_DEPLOYMENT_TARGET = 5.0;
				SDKROOT = iphoneos;
				VALIDATE_PRODUCT = YES;
			};
			name = Release;
		};
		E2889CF818583425006A5CF1 /* Debug */ = {
			isa = XCBuildConfiguration;
			buildSettings = {
				DSTROOT = /tmp/HMCommUtil.dst;
				GCC_PRECOMPILE_PREFIX_HEADER = YES;
				GCC_PREFIX_HEADER = "HMCommUtil/HMCommUtil-Prefix.pch";
				OTHER_LDFLAGS = "-ObjC";
				PRODUCT_NAME = "$(TARGET_NAME)";
				SKIP_INSTALL = YES;
			};
			name = Debug;
		};
		E2889CF918583425006A5CF1 /* Release */ = {
			isa = XCBuildConfiguration;
			buildSettings = {
				DSTROOT = /tmp/HMCommUtil.dst;
				GCC_PRECOMPILE_PREFIX_HEADER = YES;
				GCC_PREFIX_HEADER = "HMCommUtil/HMCommUtil-Prefix.pch";
				OTHER_LDFLAGS = "-ObjC";
				PRODUCT_NAME = "$(TARGET_NAME)";
				SKIP_INSTALL = YES;
			};
			name = Release;
		};
		E2889CFB18583425006A5CF1 /* Debug */ = {
			isa = XCBuildConfiguration;
			buildSettings = {
				FRAMEWORK_SEARCH_PATHS = (
					"$(SDKROOT)/Developer/Library/Frameworks",
					"$(inherited)",
					"$(DEVELOPER_FRAMEWORKS_DIR)",
				);
				GCC_PRECOMPILE_PREFIX_HEADER = YES;
				GCC_PREFIX_HEADER = "HMCommUtil/HMCommUtil-Prefix.pch";
				GCC_PREPROCESSOR_DEFINITIONS = (
					"DEBUG=1",
					"$(inherited)",
				);
				INFOPLIST_FILE = "HMCommUtilTests/HMCommUtilTests-Info.plist";
				PRODUCT_NAME = "$(TARGET_NAME)";
				WRAPPER_EXTENSION = xctest;
			};
			name = Debug;
		};
		E2889CFC18583425006A5CF1 /* Release */ = {
			isa = XCBuildConfiguration;
			buildSettings = {
				FRAMEWORK_SEARCH_PATHS = (
					"$(SDKROOT)/Developer/Library/Frameworks",
					"$(inherited)",
					"$(DEVELOPER_FRAMEWORKS_DIR)",
				);
				GCC_PRECOMPILE_PREFIX_HEADER = YES;
				GCC_PREFIX_HEADER = "HMCommUtil/HMCommUtil-Prefix.pch";
				INFOPLIST_FILE = "HMCommUtilTests/HMCommUtilTests-Info.plist";
				PRODUCT_NAME = "$(TARGET_NAME)";
				WRAPPER_EXTENSION = xctest;
			};
			name = Release;
		};
/* End XCBuildConfiguration section */

/* Begin XCConfigurationList section */
		E2889CCF18583425006A5CF1 /* Build configuration list for PBXProject "HMCommUtil" */ = {
			isa = XCConfigurationList;
			buildConfigurations = (
				E2889CF518583425006A5CF1 /* Debug */,
				E2889CF618583425006A5CF1 /* Release */,
			);
			defaultConfigurationIsVisible = 0;
			defaultConfigurationName = Release;
		};
		E2889CF718583425006A5CF1 /* Build configuration list for PBXNativeTarget "HMCommUtil" */ = {
			isa = XCConfigurationList;
			buildConfigurations = (
				E2889CF818583425006A5CF1 /* Debug */,
				E2889CF918583425006A5CF1 /* Release */,
			);
			defaultConfigurationIsVisible = 0;
			defaultConfigurationName = Release;
		};
		E2889CFA18583425006A5CF1 /* Build configuration list for PBXNativeTarget "HMCommUtilTests" */ = {
			isa = XCConfigurationList;
			buildConfigurations = (
				E2889CFB18583425006A5CF1 /* Debug */,
				E2889CFC18583425006A5CF1 /* Release */,
			);
			defaultConfigurationIsVisible = 0;
			defaultConfigurationName = Release;
		};
/* End XCConfigurationList section */
	};
	rootObject = E2889CCC18583425006A5CF1 /* Project object */;
}
